// !$*UTF8*$!
{
	archiveVersion = 1;
	classes = {
	};
	objectVersion = 50;
	objects = {

/* Begin PBXBuildFile section */
		D542E0D4265EBADB00527F7B /* AppDelegate.swift in Sources */ = {isa = PBXBuildFile; fileRef = D542E0D3265EBADB00527F7B /* AppDelegate.swift */; };
		D542E0D6265EBADB00527F7B /* SceneDelegate.swift in Sources */ = {isa = PBXBuildFile; fileRef = D542E0D5265EBADB00527F7B /* SceneDelegate.swift */; };
		D542E0D8265EBADB00527F7B /* ViewController.swift in Sources */ = {isa = PBXBuildFile; fileRef = D542E0D7265EBADB00527F7B /* ViewController.swift */; };
		D542E0DB265EBADB00527F7B /* Main.storyboard in Resources */ = {isa = PBXBuildFile; fileRef = D542E0D9265EBADB00527F7B /* Main.storyboard */; };
		D542E0DD265EBADC00527F7B /* Assets.xcassets in Resources */ = {isa = PBXBuildFile; fileRef = D542E0DC265EBADC00527F7B /* Assets.xcassets */; };
		D542E0E0265EBADC00527F7B /* LaunchScreen.storyboard in Resources */ = {isa = PBXBuildFile; fileRef = D542E0DE265EBADC00527F7B /* LaunchScreen.storyboard */; };
		D542E0F4265EBE2100527F7B /* uk.png in Resources */ = {isa = PBXBuildFile; fileRef = D542E0E8265EBE2000527F7B /* uk.png */; };
		D542E0F5265EBE2100527F7B /* poland.png in Resources */ = {isa = PBXBuildFile; fileRef = D542E0E9265EBE2000527F7B /* poland.png */; };
		D542E0F6265EBE2100527F7B /* russia.png in Resources */ = {isa = PBXBuildFile; fileRef = D542E0EA265EBE2000527F7B /* russia.png */; };
		D542E0F7265EBE2100527F7B /* ireland.png in Resources */ = {isa = PBXBuildFile; fileRef = D542E0EB265EBE2000527F7B /* ireland.png */; };
		D542E0F8265EBE2100527F7B /* estonia.png in Resources */ = {isa = PBXBuildFile; fileRef = D542E0EC265EBE2000527F7B /* estonia.png */; };
		D542E0F9265EBE2100527F7B /* spain.png in Resources */ = {isa = PBXBuildFile; fileRef = D542E0ED265EBE2000527F7B /* spain.png */; };
		D542E0FA265EBE2100527F7B /* italy.png in Resources */ = {isa = PBXBuildFile; fileRef = D542E0EE265EBE2000527F7B /* italy.png */; };
		D542E0FB265EBE2100527F7B /* germany.png in Resources */ = {isa = PBXBuildFile; fileRef = D542E0EF265EBE2100527F7B /* germany.png */; };
		D542E0FC265EBE2100527F7B /* us.png in Resources */ = {isa = PBXBuildFile; fileRef = D542E0F0265EBE2100527F7B /* us.png */; };
		D542E0FD265EBE2100527F7B /* france.png in Resources */ = {isa = PBXBuildFile; fileRef = D542E0F1265EBE2100527F7B /* france.png */; };
		D542E0FE265EBE2100527F7B /* nigeria.png in Resources */ = {isa = PBXBuildFile; fileRef = D542E0F2265EBE2100527F7B /* nigeria.png */; };
		D542E0FF265EBE2100527F7B /* monaco.png in Resources */ = {isa = PBXBuildFile; fileRef = D542E0F3265EBE2100527F7B /* monaco.png */; };
/* End PBXBuildFile section */

/* Begin PBXFileReference section */
		D542E0D0265EBADB00527F7B /* Challenge1-3.app */ = {isa = PBXFileReference; explicitFileType = wrapper.application; includeInIndex = 0; path = "Challenge1-3.app"; sourceTree = BUILT_PRODUCTS_DIR; };
		D542E0D3265EBADB00527F7B /* AppDelegate.swift */ = {isa = PBXFileReference; lastKnownFileType = sourcecode.swift; path = AppDelegate.swift; sourceTree = "<group>"; };
		D542E0D5265EBADB00527F7B /* SceneDelegate.swift */ = {isa = PBXFileReference; lastKnownFileType = sourcecode.swift; path = SceneDelegate.swift; sourceTree = "<group>"; };
		D542E0D7265EBADB00527F7B /* ViewController.swift */ = {isa = PBXFileReference; lastKnownFileType = sourcecode.swift; path = ViewController.swift; sourceTree = "<group>"; };
		D542E0DA265EBADB00527F7B /* Base */ = {isa = PBXFileReference; lastKnownFileType = file.storyboard; name = Base; path = Base.lproj/Main.storyboard; sourceTree = "<group>"; };
		D542E0DC265EBADC00527F7B /* Assets.xcassets */ = {isa = PBXFileReference; lastKnownFileType = folder.assetcatalog; path = Assets.xcassets; sourceTree = "<group>"; };
		D542E0DF265EBADC00527F7B /* Base */ = {isa = PBXFileReference; lastKnownFileType = file.storyboard; name = Base; path = Base.lproj/LaunchScreen.storyboard; sourceTree = "<group>"; };
		D542E0E1265EBADC00527F7B /* Info.plist */ = {isa = PBXFileReference; lastKnownFileType = text.plist.xml; path = Info.plist; sourceTree = "<group>"; };
		D542E0E8265EBE2000527F7B /* uk.png */ = {isa = PBXFileReference; lastKnownFileType = image.png; path = uk.png; sourceTree = "<group>"; };
		D542E0E9265EBE2000527F7B /* poland.png */ = {isa = PBXFileReference; lastKnownFileType = image.png; path = poland.png; sourceTree = "<group>"; };
		D542E0EA265EBE2000527F7B /* russia.png */ = {isa = PBXFileReference; lastKnownFileType = image.png; path = russia.png; sourceTree = "<group>"; };
		D542E0EB265EBE2000527F7B /* ireland.png */ = {isa = PBXFileReference; lastKnownFileType = image.png; path = ireland.png; sourceTree = "<group>"; };
		D542E0EC265EBE2000527F7B /* estonia.png */ = {isa = PBXFileReference; lastKnownFileType = image.png; path = estonia.png; sourceTree = "<group>"; };
		D542E0ED265EBE2000527F7B /* spain.png */ = {isa = PBXFileReference; lastKnownFileType = image.png; path = spain.png; sourceTree = "<group>"; };
		D542E0EE265EBE2000527F7B /* italy.png */ = {isa = PBXFileReference; lastKnownFileType = image.png; path = italy.png; sourceTree = "<group>"; };
		D542E0EF265EBE2100527F7B /* germany.png */ = {isa = PBXFileReference; lastKnownFileType = image.png; path = germany.png; sourceTree = "<group>"; };
		D542E0F0265EBE2100527F7B /* us.png */ = {isa = PBXFileReference; lastKnownFileType = image.png; path = us.png; sourceTree = "<group>"; };
		D542E0F1265EBE2100527F7B /* france.png */ = {isa = PBXFileReference; lastKnownFileType = image.png; path = france.png; sourceTree = "<group>"; };
		D542E0F2265EBE2100527F7B /* nigeria.png */ = {isa = PBXFileReference; lastKnownFileType = image.png; path = nigeria.png; sourceTree = "<group>"; };
		D542E0F3265EBE2100527F7B /* monaco.png */ = {isa = PBXFileReference; lastKnownFileType = image.png; path = monaco.png; sourceTree = "<group>"; };
/* End PBXFileReference section */

/* Begin PBXFrameworksBuildPhase section */
		D542E0CD265EBADB00527F7B /* Frameworks */ = {
			isa = PBXFrameworksBuildPhase;
			buildActionMask = 2147483647;
			files = (
			);
			runOnlyForDeploymentPostprocessing = 0;
		};
/* End PBXFrameworksBuildPhase section */

/* Begin PBXGroup section */
		D542E0C7265EBADB00527F7B = {
			isa = PBXGroup;
			children = (
				D542E0D2265EBADB00527F7B /* Challenge1-3 */,
				D542E0D1265EBADB00527F7B /* Products */,
			);
			sourceTree = "<group>";
		};
		D542E0D1265EBADB00527F7B /* Products */ = {
			isa = PBXGroup;
			children = (
				D542E0D0265EBADB00527F7B /* Challenge1-3.app */,
			);
			name = Products;
			sourceTree = "<group>";
		};
		D542E0D2265EBADB00527F7B /* Challenge1-3 */ = {
			isa = PBXGroup;
			children = (
				D542E0D3265EBADB00527F7B /* AppDelegate.swift */,
				D542E0D5265EBADB00527F7B /* SceneDelegate.swift */,
				D542E0D7265EBADB00527F7B /* ViewController.swift */,
				D542E0D9265EBADB00527F7B /* Main.storyboard */,
				D542E0DC265EBADC00527F7B /* Assets.xcassets */,
				D542E0DE265EBADC00527F7B /* LaunchScreen.storyboard */,
				D542E0E1265EBADC00527F7B /* Info.plist */,
				D542E0E7265EBD2400527F7B /* Resource */,
			);
			path = "Challenge1-3";
			sourceTree = "<group>";
		};
		D542E0E7265EBD2400527F7B /* Resource */ = {
			isa = PBXGroup;
			children = (
				D542E0EC265EBE2000527F7B /* estonia.png */,
				D542E0F1265EBE2100527F7B /* france.png */,
				D542E0EF265EBE2100527F7B /* germany.png */,
				D542E0EB265EBE2000527F7B /* ireland.png */,
				D542E0EE265EBE2000527F7B /* italy.png */,
				D542E0F3265EBE2100527F7B /* monaco.png */,
				D542E0F2265EBE2100527F7B /* nigeria.png */,
				D542E0E9265EBE2000527F7B /* poland.png */,
				D542E0EA265EBE2000527F7B /* russia.png */,
				D542E0ED265EBE2000527F7B /* spain.png */,
				D542E0E8265EBE2000527F7B /* uk.png */,
				D542E0F0265EBE2100527F7B /* us.png */,
			);
			path = Resource;
			sourceTree = "<group>";
		};
/* End PBXGroup section */

/* Begin PBXNativeTarget section */
		D542E0CF265EBADB00527F7B /* Challenge1-3 */ = {
			isa = PBXNativeTarget;
			buildConfigurationList = D542E0E4265EBADC00527F7B /* Build configuration list for PBXNativeTarget "Challenge1-3" */;
			buildPhases = (
				D542E0CC265EBADB00527F7B /* Sources */,
				D542E0CD265EBADB00527F7B /* Frameworks */,
				D542E0CE265EBADB00527F7B /* Resources */,
			);
			buildRules = (
			);
			dependencies = (
			);
			name = "Challenge1-3";
			productName = "Challenge1-3";
			productReference = D542E0D0265EBADB00527F7B /* Challenge1-3.app */;
			productType = "com.apple.product-type.application";
		};
/* End PBXNativeTarget section */

/* Begin PBXProject section */
		D542E0C8265EBADB00527F7B /* Project object */ = {
			isa = PBXProject;
			attributes = {
				LastSwiftUpdateCheck = 1250;
				LastUpgradeCheck = 1250;
				TargetAttributes = {
					D542E0CF265EBADB00527F7B = {
						CreatedOnToolsVersion = 12.5;
					};
				};
			};
			buildConfigurationList = D542E0CB265EBADB00527F7B /* Build configuration list for PBXProject "Challenge1-3" */;
			compatibilityVersion = "Xcode 9.3";
			developmentRegion = en;
			hasScannedForEncodings = 0;
			knownRegions = (
				en,
				Base,
			);
			mainGroup = D542E0C7265EBADB00527F7B;
			productRefGroup = D542E0D1265EBADB00527F7B /* Products */;
			projectDirPath = "";
			projectRoot = "";
			targets = (
				D542E0CF265EBADB00527F7B /* Challenge1-3 */,
			);
		};
/* End PBXProject section */

/* Begin PBXResourcesBuildPhase section */
		D542E0CE265EBADB00527F7B /* Resources */ = {
			isa = PBXResourcesBuildPhase;
			buildActionMask = 2147483647;
			files = (
				D542E0E0265EBADC00527F7B /* LaunchScreen.storyboard in Resources */,
				D542E0F9265EBE2100527F7B /* spain.png in Resources */,
				D542E0FF265EBE2100527F7B /* monaco.png in Resources */,
				D542E0FB265EBE2100527F7B /* germany.png in Resources */,
				D542E0F8265EBE2100527F7B /* estonia.png in Resources */,
				D542E0FD265EBE2100527F7B /* france.png in Resources */,
				D542E0FE265EBE2100527F7B /* nigeria.png in Resources */,
				D542E0F5265EBE2100527F7B /* poland.png in Resources */,
				D542E0F6265EBE2100527F7B /* russia.png in Resources */,
				D542E0F7265EBE2100527F7B /* ireland.png in Resources */,
				D542E0F4265EBE2100527F7B /* uk.png in Resources */,
				D542E0DD265EBADC00527F7B /* Assets.xcassets in Resources */,
				D542E0FC265EBE2100527F7B /* us.png in Resources */,
				D542E0DB265EBADB00527F7B /* Main.storyboard in Resources */,
				D542E0FA265EBE2100527F7B /* italy.png in Resources */,
			);
			runOnlyForDeploymentPostprocessing = 0;
		};
/* End PBXResourcesBuildPhase section */

/* Begin PBXSourcesBuildPhase section */
		D542E0CC265EBADB00527F7B /* Sources */ = {
			isa = PBXSourcesBuildPhase;
			buildActionMask = 2147483647;
			files = (
				D542E0D8265EBADB00527F7B /* ViewController.swift in Sources */,
				D542E0D4265EBADB00527F7B /* AppDelegate.swift in Sources */,
				D542E0D6265EBADB00527F7B /* SceneDelegate.swift in Sources */,
			);
			runOnlyForDeploymentPostprocessing = 0;
		};
/* End PBXSourcesBuildPhase section */

/* Begin PBXVariantGroup section */
		D542E0D9265EBADB00527F7B /* Main.storyboard */ = {
			isa = PBXVariantGroup;
			children = (
				D542E0DA265EBADB00527F7B /* Base */,
			);
			name = Main.storyboard;
			sourceTree = "<group>";
		};
		D542E0DE265EBADC00527F7B /* LaunchScreen.storyboard */ = {
			isa = PBXVariantGroup;
			children = (
				D542E0DF265EBADC00527F7B /* Base */,
			);
			name = LaunchScreen.storyboard;
			sourceTree = "<group>";
		};
/* End PBXVariantGroup section */

/* Begin XCBuildConfiguration section */
		D542E0E2265EBADC00527F7B /* Debug */ = {
			isa = XCBuildConfiguration;
			buildSettings = {
				ALWAYS_SEARCH_USER_PATHS = NO;
				CLANG_ANALYZER_NONNULL = YES;
				CLANG_ANALYZER_NUMBER_OBJECT_CONVERSION = YES_AGGRESSIVE;
				CLANG_CXX_LANGUAGE_STANDARD = "gnu++14";
				CLANG_CXX_LIBRARY = "libc++";
				CLANG_ENABLE_MODULES = YES;
				CLANG_ENABLE_OBJC_ARC = YES;
				CLANG_ENABLE_OBJC_WEAK = YES;
				CLANG_WARN_BLOCK_CAPTURE_AUTORELEASING = YES;
				CLANG_WARN_BOOL_CONVERSION = YES;
				CLANG_WARN_COMMA = YES;
				CLANG_WARN_CONSTANT_CONVERSION = YES;
				CLANG_WARN_DEPRECATED_OBJC_IMPLEMENTATIONS = YES;
				CLANG_WARN_DIRECT_OBJC_ISA_USAGE = YES_ERROR;
				CLANG_WARN_DOCUMENTATION_COMMENTS = YES;
				CLANG_WARN_EMPTY_BODY = YES;
				CLANG_WARN_ENUM_CONVERSION = YES;
				CLANG_WARN_INFINITE_RECURSION = YES;
				CLANG_WARN_INT_CONVERSION = YES;
				CLANG_WARN_NON_LITERAL_NULL_CONVERSION = YES;
				CLANG_WARN_OBJC_IMPLICIT_RETAIN_SELF = YES;
				CLANG_WARN_OBJC_LITERAL_CONVERSION = YES;
				CLANG_WARN_OBJC_ROOT_CLASS = YES_ERROR;
				CLANG_WARN_QUOTED_INCLUDE_IN_FRAMEWORK_HEADER = YES;
				CLANG_WARN_RANGE_LOOP_ANALYSIS = YES;
				CLANG_WARN_STRICT_PROTOTYPES = YES;
				CLANG_WARN_SUSPICIOUS_MOVE = YES;
				CLANG_WARN_UNGUARDED_AVAILABILITY = YES_AGGRESSIVE;
				CLANG_WARN_UNREACHABLE_CODE = YES;
				CLANG_WARN__DUPLICATE_METHOD_MATCH = YES;
				COPY_PHASE_STRIP = NO;
				DEBUG_INFORMATION_FORMAT = dwarf;
				ENABLE_STRICT_OBJC_MSGSEND = YES;
				ENABLE_TESTABILITY = YES;
				GCC_C_LANGUAGE_STANDARD = gnu11;
				GCC_DYNAMIC_NO_PIC = NO;
				GCC_NO_COMMON_BLOCKS = YES;
				GCC_OPTIMIZATION_LEVEL = 0;
				GCC_PREPROCESSOR_DEFINITIONS = (
					"DEBUG=1",
					"$(inherited)",
				);
				GCC_WARN_64_TO_32_BIT_CONVERSION = YES;
				GCC_WARN_ABOUT_RETURN_TYPE = YES_ERROR;
				GCC_WARN_UNDECLARED_SELECTOR = YES;
				GCC_WARN_UNINITIALIZED_AUTOS = YES_AGGRESSIVE;
				GCC_WARN_UNUSED_FUNCTION = YES;
				GCC_WARN_UNUSED_VARIABLE = YES;
				IPHONEOS_DEPLOYMENT_TARGET = 14.5;
				MTL_ENABLE_DEBUG_INFO = INCLUDE_SOURCE;
				MTL_FAST_MATH = YES;
				ONLY_ACTIVE_ARCH = YES;
				SDKROOT = iphoneos;
				SWIFT_ACTIVE_COMPILATION_CONDITIONS = DEBUG;
				SWIFT_OPTIMIZATION_LEVEL = "-Onone";
			};
			name = Debug;
		};
		D542E0E3265EBADC00527F7B /* Release */ = {
			isa = XCBuildConfiguration;
			buildSettings = {
				ALWAYS_SEARCH_USER_PATHS = NO;
				CLANG_ANALYZER_NONNULL = YES;
				CLANG_ANALYZER_NUMBER_OBJECT_CONVERSION = YES_AGGRESSIVE;
				CLANG_CXX_LANGUAGE_STANDARD = "gnu++14";
				CLANG_CXX_LIBRARY = "libc++";
				CLANG_ENABLE_MODULES = YES;
				CLANG_ENABLE_OBJC_ARC = YES;
				CLANG_ENABLE_OBJC_WEAK = YES;
				CLANG_WARN_BLOCK_CAPTURE_AUTORELEASING = YES;
				CLANG_WARN_BOOL_CONVERSION = YES;
				CLANG_WARN_COMMA = YES;
				CLANG_WARN_CONSTANT_CONVERSION = YES;
				CLANG_WARN_DEPRECATED_OBJC_IMPLEMENTATIONS = YES;
				CLANG_WARN_DIRECT_OBJC_ISA_USAGE = YES_ERROR;
				CLANG_WARN_DOCUMENTATION_COMMENTS = YES;
				CLANG_WARN_EMPTY_BODY = YES;
				CLANG_WARN_ENUM_CONVERSION = YES;
				CLANG_WARN_INFINITE_RECURSION = YES;
				CLANG_WARN_INT_CONVERSION = YES;
				CLANG_WARN_NON_LITERAL_NULL_CONVERSION = YES;
				CLANG_WARN_OBJC_IMPLICIT_RETAIN_SELF = YES;
				CLANG_WARN_OBJC_LITERAL_CONVERSION = YES;
				CLANG_WARN_OBJC_ROOT_CLASS = YES_ERROR;
				CLANG_WARN_QUOTED_INCLUDE_IN_FRAMEWORK_HEADER = YES;
				CLANG_WARN_RANGE_LOOP_ANALYSIS = YES;
				CLANG_WARN_STRICT_PROTOTYPES = YES;
				CLANG_WARN_SUSPICIOUS_MOVE = YES;
				CLANG_WARN_UNGUARDED_AVAILABILITY = YES_AGGRESSIVE;
				CLANG_WARN_UNREACHABLE_CODE = YES;
				CLANG_WARN__DUPLICATE_METHOD_MATCH = YES;
				COPY_PHASE_STRIP = NO;
				DEBUG_INFORMATION_FORMAT = "dwarf-with-dsym";
				ENABLE_NS_ASSERTIONS = NO;
				ENABLE_STRICT_OBJC_MSGSEND = YES;
				GCC_C_LANGUAGE_STANDARD = gnu11;
				GCC_NO_COMMON_BLOCKS = YES;
				GCC_WARN_64_TO_32_BIT_CONVERSION = YES;
				GCC_WARN_ABOUT_RETURN_TYPE = YES_ERROR;
				GCC_WARN_UNDECLARED_SELECTOR = YES;
				GCC_WARN_UNINITIALIZED_AUTOS = YES_AGGRESSIVE;
				GCC_WARN_UNUSED_FUNCTION = YES;
				GCC_WARN_UNUSED_VARIABLE = YES;
				IPHONEOS_DEPLOYMENT_TARGET = 14.5;
				MTL_ENABLE_DEBUG_INFO = NO;
				MTL_FAST_MATH = YES;
				SDKROOT = iphoneos;
				SWIFT_COMPILATION_MODE = wholemodule;
				SWIFT_OPTIMIZATION_LEVEL = "-O";
				VALIDATE_PRODUCT = YES;
			};
			name = Release;
		};
		D542E0E5265EBADC00527F7B /* Debug */ = {
			isa = XCBuildConfiguration;
			buildSettings = {
				ASSETCATALOG_COMPILER_APPICON_NAME = AppIcon;
				ASSETCATALOG_COMPILER_GLOBAL_ACCENT_COLOR_NAME = AccentColor;
				CODE_SIGN_STYLE = Automatic;
				INFOPLIST_FILE = "Challenge1-3/Info.plist";
				LD_RUNPATH_SEARCH_PATHS = (
					"$(inherited)",
					"@executable_path/Frameworks",
				);
				PRODUCT_BUNDLE_IDENTIFIER = "com.hackingwithswift.Challenge1-3";
				PRODUCT_NAME = "$(TARGET_NAME)";
				SWIFT_VERSION = 5.0;
				TARGETED_DEVICE_FAMILY = 1;
			};
			name = Debug;
		};
		D542E0E6265EBADC00527F7B /* Release */ = {
			isa = XCBuildConfiguration;
			buildSettings = {
				ASSETCATALOG_COMPILER_APPICON_NAME = AppIcon;
				ASSETCATALOG_COMPILER_GLOBAL_ACCENT_COLOR_NAME = AccentColor;
				CODE_SIGN_STYLE = Automatic;
				INFOPLIST_FILE = "Challenge1-3/Info.plist";
				LD_RUNPATH_SEARCH_PATHS = (
					"$(inherited)",
					"@executable_path/Frameworks",
				);
				PRODUCT_BUNDLE_IDENTIFIER = "com.hackingwithswift.Challenge1-3";
				PRODUCT_NAME = "$(TARGET_NAME)";
				SWIFT_VERSION = 5.0;
				TARGETED_DEVICE_FAMILY = 1;
			};
			name = Release;
		};
/* End XCBuildConfiguration section */

/* Begin XCConfigurationList section */
		D542E0CB265EBADB00527F7B /* Build configuration list for PBXProject "Challenge1-3" */ = {
			isa = XCConfigurationList;
			buildConfigurations = (
				D542E0E2265EBADC00527F7B /* Debug */,
				D542E0E3265EBADC00527F7B /* Release */,
			);
			defaultConfigurationIsVisible = 0;
			defaultConfigurationName = Release;
		};
		D542E0E4265EBADC00527F7B /* Build configuration list for PBXNativeTarget "Challenge1-3" */ = {
			isa = XCConfigurationList;
			buildConfigurations = (
				D542E0E5265EBADC00527F7B /* Debug */,
				D542E0E6265EBADC00527F7B /* Release */,
			);
			defaultConfigurationIsVisible = 0;
			defaultConfigurationName = Release;
		};
/* End XCConfigurationList section */
	};
	rootObject = D542E0C8265EBADB00527F7B /* Project object */;
}
